
Microsoft Visual Studio Solution File, Format Version 12.00
# Visual Studio 15
VisualStudioVersion = 15.0.28307.2092
MinimumVisualStudioVersion = 10.0.40219.1
Project("{FAE04EC0-301F-11D3-BF4B-00C04F79EFBC}") = "WebDesing1154", "WebDesing1154\WebDesing1154.csproj", "{4B1A3A1A-906E-4D38-ACDD-6024D38D9DCD}"
EndProject
Project("{FAE04EC0-301F-11D3-BF4B-00C04F79EFBC}") = "CapaTienda", "CapaTienda\CapaTienda.csproj", "{9B440700-E514-496E-8F68-CC4752CBDECC}"
EndProject
Project("{FAE04EC0-301F-11D3-BF4B-00C04F79EFBC}") = "CapaDatos", "CapaDatos\CapaDatos.csproj", "{F4CA27F9-135E-4E33-A75E-3719CDC5D9A0}"
EndProject
Project("{FAE04EC0-301F-11D3-BF4B-00C04F79EFBC}") = "CapaEntidad", "CapaEntidad\CapaEntidad.csproj", "{DCC3DCC5-FB03-4EBF-B4C6-ADFD6DB0E16A}"
EndProject
Project("{FAE04EC0-301F-11D3-BF4B-00C04F79EFBC}") = "capaNegocio", "capaNegocio\capaNegocio.csproj", "{AA8ABB32-300E-41CD-A7EB-3CBDBEFFBE8F}"
EndProject
Global
	GlobalSection(SolutionConfigurationPlatforms) = preSolution
		Debug|Any CPU = Debug|Any CPU
		Release|Any CPU = Release|Any CPU
	EndGlobalSection
	GlobalSection(ProjectConfigurationPlatforms) = postSolution
		{4B1A3A1A-906E-4D38-ACDD-6024D38D9DCD}.Debug|Any CPU.ActiveCfg = Debug|Any CPU
		{4B1A3A1A-906E-4D38-ACDD-6024D38D9DCD}.Debug|Any CPU.Build.0 = Debug|Any CPU
		{4B1A3A1A-906E-4D38-ACDD-6024D38D9DCD}.Release|Any CPU.ActiveCfg = Release|Any CPU
		{4B1A3A1A-906E-4D38-ACDD-6024D38D9DCD}.Release|Any CPU.Build.0 = Release|Any CPU
		{9B440700-E514-496E-8F68-CC4752CBDECC}.Debug|Any CPU.ActiveCfg = Debug|Any CPU
		{9B440700-E514-496E-8F68-CC4752CBDECC}.Debug|Any CPU.Build.0 = Debug|Any CPU
		{9B440700-E514-496E-8F68-CC4752CBDECC}.Release|Any CPU.ActiveCfg = Release|Any CPU
		{9B440700-E514-496E-8F68-CC4752CBDECC}.Release|Any CPU.Build.0 = Release|Any CPU
		{F4CA27F9-135E-4E33-A75E-3719CDC5D9A0}.Debug|Any CPU.ActiveCfg = Debug|Any CPU
		{F4CA27F9-135E-4E33-A75E-3719CDC5D9A0}.Debug|Any CPU.Build.0 = Debug|Any CPU
		{F4CA27F9-135E-4E33-A75E-3719CDC5D9A0}.Release|Any CPU.ActiveCfg = Release|Any CPU
		{F4CA27F9-135E-4E33-A75E-3719CDC5D9A0}.Release|Any CPU.Build.0 = Release|Any CPU
		{DCC3DCC5-FB03-4EBF-B4C6-ADFD6DB0E16A}.Debug|Any CPU.ActiveCfg = Debug|Any CPU
		{DCC3DCC5-FB03-4EBF-B4C6-ADFD6DB0E16A}.Debug|Any CPU.Build.0 = Debug|Any CPU
		{DCC3DCC5-FB03-4EBF-B4C6-ADFD6DB0E16A}.Release|Any CPU.ActiveCfg = Release|Any CPU
		{DCC3DCC5-FB03-4EBF-B4C6-ADFD6DB0E16A}.Release|Any CPU.Build.0 = Release|Any CPU
		{AA8ABB32-300E-41CD-A7EB-3CBDBEFFBE8F}.Debug|Any CPU.ActiveCfg = Debug|Any CPU
		{AA8ABB32-300E-41CD-A7EB-3CBDBEFFBE8F}.Debug|Any CPU.Build.0 = Debug|Any CPU
		{AA8ABB32-300E-41CD-A7EB-3CBDBEFFBE8F}.Release|Any CPU.ActiveCfg = Release|Any CPU
		{AA8ABB32-300E-41CD-A7EB-3CBDBEFFBE8F}.Release|Any CPU.Build.0 = Release|Any CPU
	EndGlobalSection
	GlobalSection(SolutionProperties) = preSolution
		HideSolutionNode = FALSE
	EndGlobalSection
	GlobalSection(ExtensibilityGlobals) = postSolution
		SolutionGuid = {6A3DA14D-6015-433F-A1D8-4C788740F7E8}
	EndGlobalSection
EndGlobal
